
Microsoft Visual Studio Solution File, Format Version 12.00
# Visual Studio 15
VisualStudioVersion = 15.0.28307.421
MinimumVisualStudioVersion = 10.0.40219.1
Project("{2150E333-8FDC-42A3-9474-1A3956D46DE8}") = "0_thirdparty", "0_thirdparty", "{B90C785F-7EB1-4ED4-A440-AD9F71353D90}"
EndProject
Project("{2150E333-8FDC-42A3-9474-1A3956D46DE8}") = "1_demo", "1_demo", "{67FAFBFE-0F8E-404C-B545-40FB9FFCD96C}"
EndProject
Project("{8BC9CEB8-8B4A-11D0-8D11-00A0C91BC942}") = "lzo", "thirdparty\lzo-2.10\lzo.vcxproj", "{D36B987D-4CAE-4307-AB25-AC7E8F26BE00}"
EndProject
Project("{2150E333-8FDC-42A3-9474-1A3956D46DE8}") = "examples", "examples", "{D73FF21C-73E4-4B0F-B76F-2F59686E67E6}"
EndProject
Project("{8BC9CEB8-8B4A-11D0-8D11-00A0C91BC942}") = "dict", "demo\examples\dict.vcxproj", "{DC579168-A4AB-3AFA-A304-2DE4F53989EB}"
EndProject
Project("{8BC9CEB8-8B4A-11D0-8D11-00A0C91BC942}") = "lzopack", "demo\examples\lzopack.vcxproj", "{F56C8678-4818-3D0B-824D-B1F1E59B21E9}"
EndProject
Project("{8BC9CEB8-8B4A-11D0-8D11-00A0C91BC942}") = "overlap", "demo\examples\overlap.vcxproj", "{D5B698E7-EBDC-353C-A95C-3305B9D64F72}"
EndProject
Project("{8BC9CEB8-8B4A-11D0-8D11-00A0C91BC942}") = "precomp", "demo\examples\precomp.vcxproj", "{1F9B902A-34EF-3054-921E-4B3104BF50A3}"
EndProject
Project("{8BC9CEB8-8B4A-11D0-8D11-00A0C91BC942}") = "precomp2", "demo\examples\precomp2.vcxproj", "{488367C5-86B5-374B-9A09-2A721376C641}"
EndProject
Project("{8BC9CEB8-8B4A-11D0-8D11-00A0C91BC942}") = "simple", "demo\examples\simple.vcxproj", "{A28EC1AE-3C58-3BC9-B7E3-372B2AA3CA2B}"
EndProject
Project("{2150E333-8FDC-42A3-9474-1A3956D46DE8}") = "lzotest", "lzotest", "{D6BB4FD0-95B2-4440-99DF-69628817A9F4}"
EndProject
Project("{8BC9CEB8-8B4A-11D0-8D11-00A0C91BC942}") = "lzotest", "demo\lzotest\lzotest.vcxproj", "{7AA95A09-9FC1-3924-9B03-B5423314C996}"
EndProject
Project("{8BC9CEB8-8B4A-11D0-8D11-00A0C91BC942}") = "liblzo", "thirdparty\lzo-2.10\liblzo.vcxproj", "{406C5F92-6EDD-3949-B31F-396B87BA1638}"
EndProject
Project("{2150E333-8FDC-42A3-9474-1A3956D46DE8}") = "tests", "tests", "{754819AD-4010-4C90-8142-DC9264BD851E}"
EndProject
Project("{8BC9CEB8-8B4A-11D0-8D11-00A0C91BC942}") = "chksum", "demo\tests\chksum.vcxproj", "{9C038544-B61C-4163-BAD2-7F0E70BFB096}"
EndProject
Project("{8BC9CEB8-8B4A-11D0-8D11-00A0C91BC942}") = "align", "demo\tests\align.vcxproj", "{A86508E0-CEE9-4658-8A80-F9F655FDB273}"
EndProject
Project("{8BC9CEB8-8B4A-11D0-8D11-00A0C91BC942}") = "promote", "demo\tests\promote.vcxproj", "{157E365B-35AE-4AC8-961E-D86180D24E5B}"
EndProject
Project("{8BC9CEB8-8B4A-11D0-8D11-00A0C91BC942}") = "sizes", "demo\tests\sizes.vcxproj", "{69DDBFB4-F685-4BF0-A2DB-1835EFC877B6}"
EndProject
Global
	GlobalSection(SolutionConfigurationPlatforms) = preSolution
		Debug|x64 = Debug|x64
		Release|x64 = Release|x64
	EndGlobalSection
	GlobalSection(ProjectConfigurationPlatforms) = postSolution
		{D36B987D-4CAE-4307-AB25-AC7E8F26BE00}.Debug|x64.ActiveCfg = Debug|x64
		{D36B987D-4CAE-4307-AB25-AC7E8F26BE00}.Debug|x64.Build.0 = Debug|x64
		{D36B987D-4CAE-4307-AB25-AC7E8F26BE00}.Release|x64.ActiveCfg = Release|x64
		{D36B987D-4CAE-4307-AB25-AC7E8F26BE00}.Release|x64.Build.0 = Release|x64
		{DC579168-A4AB-3AFA-A304-2DE4F53989EB}.Debug|x64.ActiveCfg = Debug|x64
		{DC579168-A4AB-3AFA-A304-2DE4F53989EB}.Debug|x64.Build.0 = Debug|x64
		{DC579168-A4AB-3AFA-A304-2DE4F53989EB}.Release|x64.ActiveCfg = Release|x64
		{DC579168-A4AB-3AFA-A304-2DE4F53989EB}.Release|x64.Build.0 = Release|x64
		{F56C8678-4818-3D0B-824D-B1F1E59B21E9}.Debug|x64.ActiveCfg = Debug|x64
		{F56C8678-4818-3D0B-824D-B1F1E59B21E9}.Debug|x64.Build.0 = Debug|x64
		{F56C8678-4818-3D0B-824D-B1F1E59B21E9}.Release|x64.ActiveCfg = Release|x64
		{F56C8678-4818-3D0B-824D-B1F1E59B21E9}.Release|x64.Build.0 = Release|x64
		{D5B698E7-EBDC-353C-A95C-3305B9D64F72}.Debug|x64.ActiveCfg = Debug|x64
		{D5B698E7-EBDC-353C-A95C-3305B9D64F72}.Debug|x64.Build.0 = Debug|x64
		{D5B698E7-EBDC-353C-A95C-3305B9D64F72}.Release|x64.ActiveCfg = Release|x64
		{D5B698E7-EBDC-353C-A95C-3305B9D64F72}.Release|x64.Build.0 = Release|x64
		{1F9B902A-34EF-3054-921E-4B3104BF50A3}.Debug|x64.ActiveCfg = Debug|x64
		{1F9B902A-34EF-3054-921E-4B3104BF50A3}.Debug|x64.Build.0 = Debug|x64
		{1F9B902A-34EF-3054-921E-4B3104BF50A3}.Release|x64.ActiveCfg = Release|x64
		{1F9B902A-34EF-3054-921E-4B3104BF50A3}.Release|x64.Build.0 = Release|x64
		{488367C5-86B5-374B-9A09-2A721376C641}.Debug|x64.ActiveCfg = Debug|x64
		{488367C5-86B5-374B-9A09-2A721376C641}.Debug|x64.Build.0 = Debug|x64
		{488367C5-86B5-374B-9A09-2A721376C641}.Release|x64.ActiveCfg = Release|x64
		{488367C5-86B5-374B-9A09-2A721376C641}.Release|x64.Build.0 = Release|x64
		{A28EC1AE-3C58-3BC9-B7E3-372B2AA3CA2B}.Debug|x64.ActiveCfg = Debug|x64
		{A28EC1AE-3C58-3BC9-B7E3-372B2AA3CA2B}.Debug|x64.Build.0 = Debug|x64
		{A28EC1AE-3C58-3BC9-B7E3-372B2AA3CA2B}.Release|x64.ActiveCfg = Release|x64
		{A28EC1AE-3C58-3BC9-B7E3-372B2AA3CA2B}.Release|x64.Build.0 = Release|x64
		{7AA95A09-9FC1-3924-9B03-B5423314C996}.Debug|x64.ActiveCfg = Debug|x64
		{7AA95A09-9FC1-3924-9B03-B5423314C996}.Debug|x64.Build.0 = Debug|x64
		{7AA95A09-9FC1-3924-9B03-B5423314C996}.Release|x64.ActiveCfg = Release|x64
		{7AA95A09-9FC1-3924-9B03-B5423314C996}.Release|x64.Build.0 = Release|x64
		{406C5F92-6EDD-3949-B31F-396B87BA1638}.Debug|x64.ActiveCfg = Debug|x64
		{406C5F92-6EDD-3949-B31F-396B87BA1638}.Debug|x64.Build.0 = Debug|x64
		{406C5F92-6EDD-3949-B31F-396B87BA1638}.Release|x64.ActiveCfg = Release|x64
		{406C5F92-6EDD-3949-B31F-396B87BA1638}.Release|x64.Build.0 = Release|x64
		{9C038544-B61C-4163-BAD2-7F0E70BFB096}.Debug|x64.ActiveCfg = Debug|x64
		{9C038544-B61C-4163-BAD2-7F0E70BFB096}.Debug|x64.Build.0 = Debug|x64
		{9C038544-B61C-4163-BAD2-7F0E70BFB096}.Release|x64.ActiveCfg = Release|x64
		{9C038544-B61C-4163-BAD2-7F0E70BFB096}.Release|x64.Build.0 = Release|x64
		{A86508E0-CEE9-4658-8A80-F9F655FDB273}.Debug|x64.ActiveCfg = Debug|x64
		{A86508E0-CEE9-4658-8A80-F9F655FDB273}.Debug|x64.Build.0 = Debug|x64
		{A86508E0-CEE9-4658-8A80-F9F655FDB273}.Release|x64.ActiveCfg = Release|x64
		{A86508E0-CEE9-4658-8A80-F9F655FDB273}.Release|x64.Build.0 = Release|x64
		{157E365B-35AE-4AC8-961E-D86180D24E5B}.Debug|x64.ActiveCfg = Debug|x64
		{157E365B-35AE-4AC8-961E-D86180D24E5B}.Debug|x64.Build.0 = Debug|x64
		{157E365B-35AE-4AC8-961E-D86180D24E5B}.Release|x64.ActiveCfg = Release|x64
		{157E365B-35AE-4AC8-961E-D86180D24E5B}.Release|x64.Build.0 = Release|x64
		{69DDBFB4-F685-4BF0-A2DB-1835EFC877B6}.Debug|x64.ActiveCfg = Debug|x64
		{69DDBFB4-F685-4BF0-A2DB-1835EFC877B6}.Debug|x64.Build.0 = Debug|x64
		{69DDBFB4-F685-4BF0-A2DB-1835EFC877B6}.Release|x64.ActiveCfg = Release|x64
		{69DDBFB4-F685-4BF0-A2DB-1835EFC877B6}.Release|x64.Build.0 = Release|x64
	EndGlobalSection
	GlobalSection(SolutionProperties) = preSolution
		HideSolutionNode = FALSE
	EndGlobalSection
	GlobalSection(NestedProjects) = preSolution
		{D36B987D-4CAE-4307-AB25-AC7E8F26BE00} = {B90C785F-7EB1-4ED4-A440-AD9F71353D90}
		{D73FF21C-73E4-4B0F-B76F-2F59686E67E6} = {67FAFBFE-0F8E-404C-B545-40FB9FFCD96C}
		{DC579168-A4AB-3AFA-A304-2DE4F53989EB} = {D73FF21C-73E4-4B0F-B76F-2F59686E67E6}
		{F56C8678-4818-3D0B-824D-B1F1E59B21E9} = {D73FF21C-73E4-4B0F-B76F-2F59686E67E6}
		{D5B698E7-EBDC-353C-A95C-3305B9D64F72} = {D73FF21C-73E4-4B0F-B76F-2F59686E67E6}
		{1F9B902A-34EF-3054-921E-4B3104BF50A3} = {D73FF21C-73E4-4B0F-B76F-2F59686E67E6}
		{488367C5-86B5-374B-9A09-2A721376C641} = {D73FF21C-73E4-4B0F-B76F-2F59686E67E6}
		{A28EC1AE-3C58-3BC9-B7E3-372B2AA3CA2B} = {D73FF21C-73E4-4B0F-B76F-2F59686E67E6}
		{D6BB4FD0-95B2-4440-99DF-69628817A9F4} = {67FAFBFE-0F8E-404C-B545-40FB9FFCD96C}
		{7AA95A09-9FC1-3924-9B03-B5423314C996} = {D6BB4FD0-95B2-4440-99DF-69628817A9F4}
		{406C5F92-6EDD-3949-B31F-396B87BA1638} = {B90C785F-7EB1-4ED4-A440-AD9F71353D90}
		{754819AD-4010-4C90-8142-DC9264BD851E} = {67FAFBFE-0F8E-404C-B545-40FB9FFCD96C}
		{9C038544-B61C-4163-BAD2-7F0E70BFB096} = {754819AD-4010-4C90-8142-DC9264BD851E}
		{A86508E0-CEE9-4658-8A80-F9F655FDB273} = {754819AD-4010-4C90-8142-DC9264BD851E}
		{157E365B-35AE-4AC8-961E-D86180D24E5B} = {754819AD-4010-4C90-8142-DC9264BD851E}
		{69DDBFB4-F685-4BF0-A2DB-1835EFC877B6} = {754819AD-4010-4C90-8142-DC9264BD851E}
	EndGlobalSection
	GlobalSection(ExtensibilityGlobals) = postSolution
		SolutionGuid = {EBD2012C-9D3D-3188-9A6B-CD7594CB58BE}
	EndGlobalSection
EndGlobal
